
Microsoft Visual Studio Solution File, Format Version 12.00
# Visual Studio 15
VisualStudioVersion = 15.0.28307.539
MinimumVisualStudioVersion = 10.0.40219.1
Project("{8BC9CEB8-8B4A-11D0-8D11-00A0C91BC942}") = "Lab3", "Lab3\Lab3.vcxproj", "{046FCBD0-E894-4AEE-A41D-FC16C3456BBC}"
EndProject
Global
	GlobalSection(SolutionConfigurationPlatforms) = preSolution
		Debug|x64 = Debug|x64
		Debug|x86 = Debug|x86
		Release|x64 = Release|x64
		Release|x86 = Release|x86
	EndGlobalSection
	GlobalSection(ProjectConfigurationPlatforms) = postSolution
		{046FCBD0-E894-4AEE-A41D-FC16C3456BBC}.Debug|x64.ActiveCfg = Debug|x64
		{046FCBD0-E894-4AEE-A41D-FC16C3456BBC}.Debug|x64.Build.0 = Debug|x64
		{046FCBD0-E894-4AEE-A41D-FC16C3456BBC}.Debug|x86.ActiveCfg = Debug|Win32
		{046FCBD0-E894-4AEE-A41D-FC16C3456BBC}.Debug|x86.Build.0 = Debug|Win32
		{046FCBD0-E894-4AEE-A41D-FC16C3456BBC}.Release|x64.ActiveCfg = Release|x64
		{046FCBD0-E894-4AEE-A41D-FC16C3456BBC}.Release|x64.Build.0 = Release|x64
		{046FCBD0-E894-4AEE-A41D-FC16C3456BBC}.Release|x86.ActiveCfg = Release|Win32
		{046FCBD0-E894-4AEE-A41D-FC16C3456BBC}.Release|x86.Build.0 = Release|Win32
	EndGlobalSection
	GlobalSection(SolutionProperties) = preSolution
		HideSolutionNode = FALSE
	EndGlobalSection
	GlobalSection(ExtensibilityGlobals) = postSolution
		SolutionGuid = {1200E411-3B45-4A0E-81E7-DF5B99EE3A40}
	EndGlobalSection
EndGlobal
